// !$*UTF8*$!
{
	archiveVersion = 1;
	classes = {
	};
	objectVersion = 46;
	objects = {

/* Begin PBXBuildFile section */
		2E7143FF19F6869C005D8273 /* AppDelegate.swift in Sources */ = {isa = PBXBuildFile; fileRef = 2E7143FE19F6869C005D8273 /* AppDelegate.swift */; };
		2E71440119F6869C005D8273 /* ViewController.swift in Sources */ = {isa = PBXBuildFile; fileRef = 2E71440019F6869C005D8273 /* ViewController.swift */; };
		2E71440419F6869C005D8273 /* Main.storyboard in Resources */ = {isa = PBXBuildFile; fileRef = 2E71440219F6869C005D8273 /* Main.storyboard */; };
		2E71440619F6869C005D8273 /* Images.xcassets in Resources */ = {isa = PBXBuildFile; fileRef = 2E71440519F6869C005D8273 /* Images.xcassets */; };
		2E71440919F6869C005D8273 /* LaunchScreen.xib in Resources */ = {isa = PBXBuildFile; fileRef = 2E71440719F6869C005D8273 /* LaunchScreen.xib */; };
		2E71441519F6869D005D8273 /* PostcardTests.swift in Sources */ = {isa = PBXBuildFile; fileRef = 2E71441419F6869D005D8273 /* PostcardTests.swift */; };
/* End PBXBuildFile section */

/* Begin PBXContainerItemProxy section */
		2E71440F19F6869D005D8273 /* PBXContainerItemProxy */ = {
			isa = PBXContainerItemProxy;
			containerPortal = 2E7143F119F6869C005D8273 /* Project object */;
			proxyType = 1;
			remoteGlobalIDString = 2E7143F819F6869C005D8273;
			remoteInfo = Postcard;
		};
/* End PBXContainerItemProxy section */

/* Begin PBXFileReference section */
		2E7143F919F6869C005D8273 /* Postcard.app */ = {isa = PBXFileReference; explicitFileType = wrapper.application; includeInIndex = 0; path = Postcard.app; sourceTree = BUILT_PRODUCTS_DIR; };
		2E7143FD19F6869C005D8273 /* Info.plist */ = {isa = PBXFileReference; lastKnownFileType = text.plist.xml; path = Info.plist; sourceTree = "<group>"; };
		2E7143FE19F6869C005D8273 /* AppDelegate.swift */ = {isa = PBXFileReference; lastKnownFileType = sourcecode.swift; path = AppDelegate.swift; sourceTree = "<group>"; };
		2E71440019F6869C005D8273 /* ViewController.swift */ = {isa = PBXFileReference; lastKnownFileType = sourcecode.swift; path = ViewController.swift; sourceTree = "<group>"; };
		2E71440319F6869C005D8273 /* Base */ = {isa = PBXFileReference; lastKnownFileType = file.storyboard; name = Base; path = Base.lproj/Main.storyboard; sourceTree = "<group>"; };
		2E71440519F6869C005D8273 /* Images.xcassets */ = {isa = PBXFileReference; lastKnownFileType = folder.assetcatalog; path = Images.xcassets; sourceTree = "<group>"; };
		2E71440819F6869C005D8273 /* Base */ = {isa = PBXFileReference; lastKnownFileType = file.xib; name = Base; path = Base.lproj/LaunchScreen.xib; sourceTree = "<group>"; };
		2E71440E19F6869D005D8273 /* PostcardTests.xctest */ = {isa = PBXFileReference; explicitFileType = wrapper.cfbundle; includeInIndex = 0; path = PostcardTests.xctest; sourceTree = BUILT_PRODUCTS_DIR; };
		2E71441319F6869D005D8273 /* Info.plist */ = {isa = PBXFileReference; lastKnownFileType = text.plist.xml; path = Info.plist; sourceTree = "<group>"; };
		2E71441419F6869D005D8273 /* PostcardTests.swift */ = {isa = PBXFileReference; lastKnownFileType = sourcecode.swift; path = PostcardTests.swift; sourceTree = "<group>"; };
/* End PBXFileReference section */

/* Begin PBXFrameworksBuildPhase section */
		2E7143F619F6869C005D8273 /* Frameworks */ = {
			isa = PBXFrameworksBuildPhase;
			buildActionMask = 2147483647;
			files = (
			);
			runOnlyForDeploymentPostprocessing = 0;
		};
		2E71440B19F6869D005D8273 /* Frameworks */ = {
			isa = PBXFrameworksBuildPhase;
			buildActionMask = 2147483647;
			files = (
			);
			runOnlyForDeploymentPostprocessing = 0;
		};
/* End PBXFrameworksBuildPhase section */

/* Begin PBXGroup section */
		2E7143F019F6869C005D8273 = {
			isa = PBXGroup;
			children = (
				2E7143FB19F6869C005D8273 /* Postcard */,
				2E71441119F6869D005D8273 /* PostcardTests */,
				2E7143FA19F6869C005D8273 /* Products */,
			);
			sourceTree = "<group>";
		};
		2E7143FA19F6869C005D8273 /* Products */ = {
			isa = PBXGroup;
			children = (
				2E7143F919F6869C005D8273 /* Postcard.app */,
				2E71440E19F6869D005D8273 /* PostcardTests.xctest */,
			);
			name = Products;
			sourceTree = "<group>";
		};
		2E7143FB19F6869C005D8273 /* Postcard */ = {
			isa = PBXGroup;
			children = (
				2E7143FE19F6869C005D8273 /* AppDelegate.swift */,
				2E71440019F6869C005D8273 /* ViewController.swift */,
				2E71440219F6869C005D8273 /* Main.storyboard */,
				2E71440519F6869C005D8273 /* Images.xcassets */,
				2E71440719F6869C005D8273 /* LaunchScreen.xib */,
				2E7143FC19F6869C005D8273 /* Supporting Files */,
			);
			path = Postcard;
			sourceTree = "<group>";
		};
		2E7143FC19F6869C005D8273 /* Supporting Files */ = {
			isa = PBXGroup;
			children = (
				2E7143FD19F6869C005D8273 /* Info.plist */,
			);
			name = "Supporting Files";
			sourceTree = "<group>";
		};
		2E71441119F6869D005D8273 /* PostcardTests */ = {
			isa = PBXGroup;
			children = (
				2E71441419F6869D005D8273 /* PostcardTests.swift */,
				2E71441219F6869D005D8273 /* Supporting Files */,
			);
			path = PostcardTests;
			sourceTree = "<group>";
		};
		2E71441219F6869D005D8273 /* Supporting Files */ = {
			isa = PBXGroup;
			children = (
				2E71441319F6869D005D8273 /* Info.plist */,
			);
			name = "Supporting Files";
			sourceTree = "<group>";
		};
/* End PBXGroup section */

/* Begin PBXNativeTarget section */
		2E7143F819F6869C005D8273 /* Postcard */ = {
			isa = PBXNativeTarget;
			buildConfigurationList = 2E71441819F6869D005D8273 /* Build configuration list for PBXNativeTarget "Postcard" */;
			buildPhases = (
				2E7143F519F6869C005D8273 /* Sources */,
				2E7143F619F6869C005D8273 /* Frameworks */,
				2E7143F719F6869C005D8273 /* Resources */,
			);
			buildRules = (
			);
			dependencies = (
			);
			name = Postcard;
			productName = Postcard;
			productReference = 2E7143F919F6869C005D8273 /* Postcard.app */;
			productType = "com.apple.product-type.application";
		};
		2E71440D19F6869D005D8273 /* PostcardTests */ = {
			isa = PBXNativeTarget;
			buildConfigurationList = 2E71441B19F6869D005D8273 /* Build configuration list for PBXNativeTarget "PostcardTests" */;
			buildPhases = (
				2E71440A19F6869D005D8273 /* Sources */,
				2E71440B19F6869D005D8273 /* Frameworks */,
				2E71440C19F6869D005D8273 /* Resources */,
			);
			buildRules = (
			);
			dependencies = (
				2E71441019F6869D005D8273 /* PBXTargetDependency */,
			);
			name = PostcardTests;
			productName = PostcardTests;
			productReference = 2E71440E19F6869D005D8273 /* PostcardTests.xctest */;
			productType = "com.apple.product-type.bundle.unit-test";
		};
/* End PBXNativeTarget section */

/* Begin PBXProject section */
		2E7143F119F6869C005D8273 /* Project object */ = {
			isa = PBXProject;
			attributes = {
				LastUpgradeCheck = 0610;
				ORGANIZATIONNAME = Pedro;
				TargetAttributes = {
					2E7143F819F6869C005D8273 = {
						CreatedOnToolsVersion = 6.1;
					};
					2E71440D19F6869D005D8273 = {
						CreatedOnToolsVersion = 6.1;
						TestTargetID = 2E7143F819F6869C005D8273;
					};
				};
			};
			buildConfigurationList = 2E7143F419F6869C005D8273 /* Build configuration list for PBXProject "Postcard" */;
			compatibilityVersion = "Xcode 3.2";
			developmentRegion = English;
			hasScannedForEncodings = 0;
			knownRegions = (
				en,
				Base,
			);
			mainGroup = 2E7143F019F6869C005D8273;
			productRefGroup = 2E7143FA19F6869C005D8273 /* Products */;
			projectDirPath = "";
			projectRoot = "";
			targets = (
				2E7143F819F6869C005D8273 /* Postcard */,
				2E71440D19F6869D005D8273 /* PostcardTests */,
			);
		};
/* End PBXProject section */

/* Begin PBXResourcesBuildPhase section */
		2E7143F719F6869C005D8273 /* Resources */ = {
			isa = PBXResourcesBuildPhase;
			buildActionMask = 2147483647;
			files = (
				2E71440419F6869C005D8273 /* Main.storyboard in Resources */,
				2E71440919F6869C005D8273 /* LaunchScreen.xib in Resources */,
				2E71440619F6869C005D8273 /* Images.xcassets in Resources */,
			);
			runOnlyForDeploymentPostprocessing = 0;
		};
		2E71440C19F6869D005D8273 /* Resources */ = {
			isa = PBXResourcesBuildPhase;
			buildActionMask = 2147483647;
			files = (
			);
			runOnlyForDeploymentPostprocessing = 0;
		};
/* End PBXResourcesBuildPhase section */

/* Begin PBXSourcesBuildPhase section */
		2E7143F519F6869C005D8273 /* Sources */ = {
			isa = PBXSourcesBuildPhase;
			buildActionMask = 2147483647;
			files = (
				2E71440119F6869C005D8273 /* ViewController.swift in Sources */,
				2E7143FF19F6869C005D8273 /* AppDelegate.swift in Sources */,
			);
			runOnlyForDeploymentPostprocessing = 0;
		};
		2E71440A19F6869D005D8273 /* Sources */ = {
			isa = PBXSourcesBuildPhase;
			buildActionMask = 2147483647;
			files = (
				2E71441519F6869D005D8273 /* PostcardTests.swift in Sources */,
			);
			runOnlyForDeploymentPostprocessing = 0;
		};
/* End PBXSourcesBuildPhase section */

/* Begin PBXTargetDependency section */
		2E71441019F6869D005D8273 /* PBXTargetDependency */ = {
			isa = PBXTargetDependency;
			target = 2E7143F819F6869C005D8273 /* Postcard */;
			targetProxy = 2E71440F19F6869D005D8273 /* PBXContainerItemProxy */;
		};
/* End PBXTargetDependency section */

/* Begin PBXVariantGroup section */
		2E71440219F6869C005D8273 /* Main.storyboard */ = {
			isa = PBXVariantGroup;
			children = (
				2E71440319F6869C005D8273 /* Base */,
			);
			name = Main.storyboard;
			sourceTree = "<group>";
		};
		2E71440719F6869C005D8273 /* LaunchScreen.xib */ = {
			isa = PBXVariantGroup;
			children = (
				2E71440819F6869C005D8273 /* Base */,
			);
			name = LaunchScreen.xib;
			sourceTree = "<group>";
		};
/* End PBXVariantGroup section */

/* Begin XCBuildConfiguration section */
		2E71441619F6869D005D8273 /* Debug */ = {
			isa = XCBuildConfiguration;
			buildSettings = {
				ALWAYS_SEARCH_USER_PATHS = NO;
				CLANG_CXX_LANGUAGE_STANDARD = "gnu++0x";
				CLANG_CXX_LIBRARY = "libc++";
				CLANG_ENABLE_MODULES = YES;
				CLANG_ENABLE_OBJC_ARC = YES;
				CLANG_WARN_BOOL_CONVERSION = YES;
				CLANG_WARN_CONSTANT_CONVERSION = YES;
				CLANG_WARN_DIRECT_OBJC_ISA_USAGE = YES_ERROR;
				CLANG_WARN_EMPTY_BODY = YES;
				CLANG_WARN_ENUM_CONVERSION = YES;
				CLANG_WARN_INT_CONVERSION = YES;
				CLANG_WARN_OBJC_ROOT_CLASS = YES_ERROR;
				CLANG_WARN_UNREACHABLE_CODE = YES;
				CLANG_WARN__DUPLICATE_METHOD_MATCH = YES;
				"CODE_SIGN_IDENTITY[sdk=iphoneos*]" = "iPhone Developer";
				COPY_PHASE_STRIP = NO;
				ENABLE_STRICT_OBJC_MSGSEND = YES;
				GCC_C_LANGUAGE_STANDARD = gnu99;
				GCC_DYNAMIC_NO_PIC = NO;
				GCC_OPTIMIZATION_LEVEL = 0;
				GCC_PREPROCESSOR_DEFINITIONS = (
					"DEBUG=1",
					"$(inherited)",
				);
				GCC_SYMBOLS_PRIVATE_EXTERN = NO;
				GCC_WARN_64_TO_32_BIT_CONVERSION = YES;
				GCC_WARN_ABOUT_RETURN_TYPE = YES_ERROR;
				GCC_WARN_UNDECLARED_SELECTOR = YES;
				GCC_WARN_UNINITIALIZED_AUTOS = YES_AGGRESSIVE;
				GCC_WARN_UNUSED_FUNCTION = YES;
				GCC_WARN_UNUSED_VARIABLE = YES;
				IPHONEOS_DEPLOYMENT_TARGET = 8.1;
				MTL_ENABLE_DEBUG_INFO = YES;
				ONLY_ACTIVE_ARCH = YES;
				SDKROOT = iphoneos;
				SWIFT_OPTIMIZATION_LEVEL = "-Onone";
				TARGETED_DEVICE_FAMILY = "1,2";
			};
			name = Debug;
		};
		2E71441719F6869D005D8273 /* Release */ = {
			isa = XCBuildConfiguration;
			buildSettings = {
				ALWAYS_SEARCH_USER_PATHS = NO;
				CLANG_CXX_LANGUAGE_STANDARD = "gnu++0x";
				CLANG_CXX_LIBRARY = "libc++";
				CLANG_ENABLE_MODULES = YES;
				CLANG_ENABLE_OBJC_ARC = YES;
				CLANG_WARN_BOOL_CONVERSION = YES;
				CLANG_WARN_CONSTANT_CONVERSION = YES;
				CLANG_WARN_DIRECT_OBJC_ISA_USAGE = YES_ERROR;
				CLANG_WARN_EMPTY_BODY = YES;
				CLANG_WARN_ENUM_CONVERSION = YES;
				CLANG_WARN_INT_CONVERSION = YES;
				CLANG_WARN_OBJC_ROOT_CLASS = YES_ERROR;
				CLANG_WARN_UNREACHABLE_CODE = YES;
				CLANG_WARN__DUPLICATE_METHOD_MATCH = YES;
				"CODE_SIGN_IDENTITY[sdk=iphoneos*]" = "iPhone Developer";
				COPY_PHASE_STRIP = YES;
				ENABLE_NS_ASSERTIONS = NO;
				ENABLE_STRICT_OBJC_MSGSEND = YES;
				GCC_C_LANGUAGE_STANDARD = gnu99;
				GCC_WARN_64_TO_32_BIT_CONVERSION = YES;
				GCC_WARN_ABOUT_RETURN_TYPE = YES_ERROR;
				GCC_WARN_UNDECLARED_SELECTOR = YES;
				GCC_WARN_UNINITIALIZED_AUTOS = YES_AGGRESSIVE;
				GCC_WARN_UNUSED_FUNCTION = YES;
				GCC_WARN_UNUSED_VARIABLE = YES;
				IPHONEOS_DEPLOYMENT_TARGET = 8.1;
				MTL_ENABLE_DEBUG_INFO = NO;
				SDKROOT = iphoneos;
				TARGETED_DEVICE_FAMILY = "1,2";
				VALIDATE_PRODUCT = YES;
			};
			name = Release;
		};
		2E71441919F6869D005D8273 /* Debug */ = {
			isa = XCBuildConfiguration;
			buildSettings = {
				ASSETCATALOG_COMPILER_APPICON_NAME = AppIcon;
				INFOPLIST_FILE = Postcard/Info.plist;
				LD_RUNPATH_SEARCH_PATHS = "$(inherited) @executable_path/Frameworks";
				PRODUCT_NAME = "$(TARGET_NAME)";
			};
			name = Debug;
		};
		2E71441A19F6869D005D8273 /* Release */ = {
			isa = XCBuildConfiguration;
			buildSettings = {
				ASSETCATALOG_COMPILER_APPICON_NAME = AppIcon;
				INFOPLIST_FILE = Postcard/Info.plist;
				LD_RUNPATH_SEARCH_PATHS = "$(inherited) @executable_path/Frameworks";
				PRODUCT_NAME = "$(TARGET_NAME)";
			};
			name = Release;
		};
		2E71441C19F6869D005D8273 /* Debug */ = {
			isa = XCBuildConfiguration;
			buildSettings = {
				BUNDLE_LOADER = "$(TEST_HOST)";
				FRAMEWORK_SEARCH_PATHS = (
					"$(SDKROOT)/Developer/Library/Frameworks",
					"$(inherited)",
				);
				GCC_PREPROCESSOR_DEFINITIONS = (
					"DEBUG=1",
					"$(inherited)",
				);
				INFOPLIST_FILE = PostcardTests/Info.plist;
				LD_RUNPATH_SEARCH_PATHS = "$(inherited) @executable_path/Frameworks @loader_path/Frameworks";
				PRODUCT_NAME = "$(TARGET_NAME)";
				TEST_HOST = "$(BUILT_PRODUCTS_DIR)/Postcard.app/Postcard";
			};
			name = Debug;
		};
		2E71441D19F6869D005D8273 /* Release */ = {
			isa = XCBuildConfiguration;
			buildSettings = {
				BUNDLE_LOADER = "$(TEST_HOST)";
				FRAMEWORK_SEARCH_PATHS = (
					"$(SDKROOT)/Developer/Library/Frameworks",
					"$(inherited)",
				);
				INFOPLIST_FILE = PostcardTests/Info.plist;
				LD_RUNPATH_SEARCH_PATHS = "$(inherited) @executable_path/Frameworks @loader_path/Frameworks";
				PRODUCT_NAME = "$(TARGET_NAME)";
				TEST_HOST = "$(BUILT_PRODUCTS_DIR)/Postcard.app/Postcard";
			};
			name = Release;
		};
/* End XCBuildConfiguration section */

/* Begin XCConfigurationList section */
		2E7143F419F6869C005D8273 /* Build configuration list for PBXProject "Postcard" */ = {
			isa = XCConfigurationList;
			buildConfigurations = (
				2E71441619F6869D005D8273 /* Debug */,
				2E71441719F6869D005D8273 /* Release */,
			);
			defaultConfigurationIsVisible = 0;
			defaultConfigurationName = Release;
		};
		2E71441819F6869D005D8273 /* Build configuration list for PBXNativeTarget "Postcard" */ = {
			isa = XCConfigurationList;
			buildConfigurations = (
				2E71441919F6869D005D8273 /* Debug */,
				2E71441A19F6869D005D8273 /* Release */,
			);
			defaultConfigurationIsVisible = 0;
		};
		2E71441B19F6869D005D8273 /* Build configuration list for PBXNativeTarget "PostcardTests" */ = {
			isa = XCConfigurationList;
			buildConfigurations = (
				2E71441C19F6869D005D8273 /* Debug */,
				2E71441D19F6869D005D8273 /* Release */,
			);
			defaultConfigurationIsVisible = 0;
		};
/* End XCConfigurationList section */
	};
	rootObject = 2E7143F119F6869C005D8273 /* Project object */;
}
